// !$*UTF8*$!
{
	archiveVersion = 1;
	classes = {
	};
	objectVersion = 56;
	objects = {

/* Begin PBXBuildFile section */
		3ABA518E2BB0AEF20021619C /* AppDelegate.swift in Sources */ = {isa = PBXBuildFile; fileRef = 3ABA518D2BB0AEF20021619C /* AppDelegate.swift */; };
		3ABA51902BB0AEF20021619C /* SceneDelegate.swift in Sources */ = {isa = PBXBuildFile; fileRef = 3ABA518F2BB0AEF20021619C /* SceneDelegate.swift */; };
		3ABA51952BB0AEF20021619C /* Base in Resources */ = {isa = PBXBuildFile; fileRef = 3ABA51942BB0AEF20021619C /* Base */; };
		3ABA51972BB0AEF30021619C /* Assets.xcassets in Resources */ = {isa = PBXBuildFile; fileRef = 3ABA51962BB0AEF30021619C /* Assets.xcassets */; };
		3ABA519A2BB0AEF30021619C /* Base in Resources */ = {isa = PBXBuildFile; fileRef = 3ABA51992BB0AEF30021619C /* Base */; };
		3ABA51A42BB0B0E20021619C /* HomePageViewController.swift in Sources */ = {isa = PBXBuildFile; fileRef = 3ABA51A32BB0B0E20021619C /* HomePageViewController.swift */; };
		3ABA51A62BB0B3000021619C /* Constants.swift in Sources */ = {isa = PBXBuildFile; fileRef = 3ABA51A52BB0B3000021619C /* Constants.swift */; };
/* End PBXBuildFile section */

/* Begin PBXFileReference section */
		3ABA518A2BB0AEF20021619C /* CollectionViewHB.app */ = {isa = PBXFileReference; explicitFileType = wrapper.application; includeInIndex = 0; path = CollectionViewHB.app; sourceTree = BUILT_PRODUCTS_DIR; };
		3ABA518D2BB0AEF20021619C /* AppDelegate.swift */ = {isa = PBXFileReference; lastKnownFileType = sourcecode.swift; path = AppDelegate.swift; sourceTree = "<group>"; };
		3ABA518F2BB0AEF20021619C /* SceneDelegate.swift */ = {isa = PBXFileReference; lastKnownFileType = sourcecode.swift; path = SceneDelegate.swift; sourceTree = "<group>"; };
		3ABA51942BB0AEF20021619C /* Base */ = {isa = PBXFileReference; lastKnownFileType = file.storyboard; name = Base; path = Base.lproj/Main.storyboard; sourceTree = "<group>"; };
		3ABA51962BB0AEF30021619C /* Assets.xcassets */ = {isa = PBXFileReference; lastKnownFileType = folder.assetcatalog; path = Assets.xcassets; sourceTree = "<group>"; };
		3ABA51992BB0AEF30021619C /* Base */ = {isa = PBXFileReference; lastKnownFileType = file.storyboard; name = Base; path = Base.lproj/LaunchScreen.storyboard; sourceTree = "<group>"; };
		3ABA519B2BB0AEF30021619C /* Info.plist */ = {isa = PBXFileReference; lastKnownFileType = text.plist.xml; path = Info.plist; sourceTree = "<group>"; };
		3ABA51A32BB0B0E20021619C /* HomePageViewController.swift */ = {isa = PBXFileReference; lastKnownFileType = sourcecode.swift; path = HomePageViewController.swift; sourceTree = "<group>"; };
		3ABA51A52BB0B3000021619C /* Constants.swift */ = {isa = PBXFileReference; lastKnownFileType = sourcecode.swift; path = Constants.swift; sourceTree = "<group>"; };
/* End PBXFileReference section */

/* Begin PBXFrameworksBuildPhase section */
		3ABA51872BB0AEF20021619C /* Frameworks */ = {
			isa = PBXFrameworksBuildPhase;
			buildActionMask = 2147483647;
			files = (
			);
			runOnlyForDeploymentPostprocessing = 0;
		};
/* End PBXFrameworksBuildPhase section */

/* Begin PBXGroup section */
		3ABA51812BB0AEF10021619C = {
			isa = PBXGroup;
			children = (
				3ABA518C2BB0AEF20021619C /* CollectionViewHB */,
				3ABA518B2BB0AEF20021619C /* Products */,
			);
			sourceTree = "<group>";
		};
		3ABA518B2BB0AEF20021619C /* Products */ = {
			isa = PBXGroup;
			children = (
				3ABA518A2BB0AEF20021619C /* CollectionViewHB.app */,
			);
			name = Products;
			sourceTree = "<group>";
		};
		3ABA518C2BB0AEF20021619C /* CollectionViewHB */ = {
			isa = PBXGroup;
			children = (
				3ABA51A92BB0B4990021619C /* StoryBoard */,
				3ABA51A82BB0B47A0021619C /* Helper */,
				3ABA51A22BB0AF8F0021619C /* View */,
				3ABA51A12BB0AF720021619C /* SupportingFiles */,
			);
			path = CollectionViewHB;
			sourceTree = "<group>";
		};
		3ABA51A12BB0AF720021619C /* SupportingFiles */ = {
			isa = PBXGroup;
			children = (
				3ABA51962BB0AEF30021619C /* Assets.xcassets */,
				3ABA519B2BB0AEF30021619C /* Info.plist */,
				3ABA518F2BB0AEF20021619C /* SceneDelegate.swift */,
				3ABA518D2BB0AEF20021619C /* AppDelegate.swift */,
			);
			path = SupportingFiles;
			sourceTree = "<group>";
		};
		3ABA51A22BB0AF8F0021619C /* View */ = {
			isa = PBXGroup;
			children = (
				3ABA51A32BB0B0E20021619C /* HomePageViewController.swift */,
			);
			path = View;
			sourceTree = "<group>";
		};
		3ABA51A82BB0B47A0021619C /* Helper */ = {
			isa = PBXGroup;
			children = (
				3ABA51A52BB0B3000021619C /* Constants.swift */,
			);
			path = Helper;
			sourceTree = "<group>";
		};
		3ABA51A92BB0B4990021619C /* StoryBoard */ = {
			isa = PBXGroup;
			children = (
				3ABA51932BB0AEF20021619C /* Main.storyboard */,
				3ABA51982BB0AEF30021619C /* LaunchScreen.storyboard */,
			);
			path = StoryBoard;
			sourceTree = "<group>";
		};
/* End PBXGroup section */

/* Begin PBXNativeTarget section */
		3ABA51892BB0AEF20021619C /* CollectionViewHB */ = {
			isa = PBXNativeTarget;
			buildConfigurationList = 3ABA519E2BB0AEF30021619C /* Build configuration list for PBXNativeTarget "CollectionViewHB" */;
			buildPhases = (
				3ABA51862BB0AEF20021619C /* Sources */,
				3ABA51872BB0AEF20021619C /* Frameworks */,
				3ABA51882BB0AEF20021619C /* Resources */,
			);
			buildRules = (
			);
			dependencies = (
			);
			name = CollectionViewHB;
			productName = CollectionViewHB;
			productReference = 3ABA518A2BB0AEF20021619C /* CollectionViewHB.app */;
			productType = "com.apple.product-type.application";
		};
/* End PBXNativeTarget section */

/* Begin PBXProject section */
		3ABA51822BB0AEF10021619C /* Project object */ = {
			isa = PBXProject;
			attributes = {
				BuildIndependentTargetsInParallel = 1;
				LastSwiftUpdateCheck = 1530;
				LastUpgradeCheck = 1530;
				TargetAttributes = {
					3ABA51892BB0AEF20021619C = {
						CreatedOnToolsVersion = 15.3;
					};
				};
			};
			buildConfigurationList = 3ABA51852BB0AEF10021619C /* Build configuration list for PBXProject "CollectionViewHB" */;
			compatibilityVersion = "Xcode 14.0";
			developmentRegion = en;
			hasScannedForEncodings = 0;
			knownRegions = (
				en,
				Base,
			);
			mainGroup = 3ABA51812BB0AEF10021619C;
			productRefGroup = 3ABA518B2BB0AEF20021619C /* Products */;
			projectDirPath = "";
			projectRoot = "";
			targets = (
				3ABA51892BB0AEF20021619C /* CollectionViewHB */,
			);
		};
/* End PBXProject section */

/* Begin PBXResourcesBuildPhase section */
		3ABA51882BB0AEF20021619C /* Resources */ = {
			isa = PBXResourcesBuildPhase;
			buildActionMask = 2147483647;
			files = (
				3ABA51972BB0AEF30021619C /* Assets.xcassets in Resources */,
				3ABA519A2BB0AEF30021619C /* Base in Resources */,
				3ABA51952BB0AEF20021619C /* Base in Resources */,
			);
			runOnlyForDeploymentPostprocessing = 0;
		};
/* End PBXResourcesBuildPhase section */

/* Begin PBXSourcesBuildPhase section */
		3ABA51862BB0AEF20021619C /* Sources */ = {
			isa = PBXSourcesBuildPhase;
			buildActionMask = 2147483647;
			files = (
				3ABA518E2BB0AEF20021619C /* AppDelegate.swift in Sources */,
				3ABA51902BB0AEF20021619C /* SceneDelegate.swift in Sources */,
				3ABA51A42BB0B0E20021619C /* HomePageViewController.swift in Sources */,
				3ABA51A62BB0B3000021619C /* Constants.swift in Sources */,
			);
			runOnlyForDeploymentPostprocessing = 0;
		};
/* End PBXSourcesBuildPhase section */

/* Begin PBXVariantGroup section */
		3ABA51932BB0AEF20021619C /* Main.storyboard */ = {
			isa = PBXVariantGroup;
			children = (
				3ABA51942BB0AEF20021619C /* Base */,
			);
			name = Main.storyboard;
			sourceTree = "<group>";
		};
		3ABA51982BB0AEF30021619C /* LaunchScreen.storyboard */ = {
			isa = PBXVariantGroup;
			children = (
				3ABA51992BB0AEF30021619C /* Base */,
			);
			name = LaunchScreen.storyboard;
			sourceTree = "<group>";
		};
/* End PBXVariantGroup section */

/* Begin XCBuildConfiguration section */
		3ABA519C2BB0AEF30021619C /* Debug */ = {
			isa = XCBuildConfiguration;
			buildSettings = {
				ALWAYS_SEARCH_USER_PATHS = NO;
				ASSETCATALOG_COMPILER_GENERATE_SWIFT_ASSET_SYMBOL_EXTENSIONS = YES;
				CLANG_ANALYZER_NONNULL = YES;
				CLANG_ANALYZER_NUMBER_OBJECT_CONVERSION = YES_AGGRESSIVE;
				CLANG_CXX_LANGUAGE_STANDARD = "gnu++20";
				CLANG_ENABLE_MODULES = YES;
				CLANG_ENABLE_OBJC_ARC = YES;
				CLANG_ENABLE_OBJC_WEAK = YES;
				CLANG_WARN_BLOCK_CAPTURE_AUTORELEASING = YES;
				CLANG_WARN_BOOL_CONVERSION = YES;
				CLANG_WARN_COMMA = YES;
				CLANG_WARN_CONSTANT_CONVERSION = YES;
				CLANG_WARN_DEPRECATED_OBJC_IMPLEMENTATIONS = YES;
				CLANG_WARN_DIRECT_OBJC_ISA_USAGE = YES_ERROR;
				CLANG_WARN_DOCUMENTATION_COMMENTS = YES;
				CLANG_WARN_EMPTY_BODY = YES;
				CLANG_WARN_ENUM_CONVERSION = YES;
				CLANG_WARN_INFINITE_RECURSION = YES;
				CLANG_WARN_INT_CONVERSION = YES;
				CLANG_WARN_NON_LITERAL_NULL_CONVERSION = YES;
				CLANG_WARN_OBJC_IMPLICIT_RETAIN_SELF = YES;
				CLANG_WARN_OBJC_LITERAL_CONVERSION = YES;
				CLANG_WARN_OBJC_ROOT_CLASS = YES_ERROR;
				CLANG_WARN_QUOTED_INCLUDE_IN_FRAMEWORK_HEADER = YES;
				CLANG_WARN_RANGE_LOOP_ANALYSIS = YES;
				CLANG_WARN_STRICT_PROTOTYPES = YES;
				CLANG_WARN_SUSPICIOUS_MOVE = YES;
				CLANG_WARN_UNGUARDED_AVAILABILITY = YES_AGGRESSIVE;
				CLANG_WARN_UNREACHABLE_CODE = YES;
				CLANG_WARN__DUPLICATE_METHOD_MATCH = YES;
				COPY_PHASE_STRIP = NO;
				DEBUG_INFORMATION_FORMAT = dwarf;
				ENABLE_STRICT_OBJC_MSGSEND = YES;
				ENABLE_TESTABILITY = YES;
				ENABLE_USER_SCRIPT_SANDBOXING = YES;
				GCC_C_LANGUAGE_STANDARD = gnu17;
				GCC_DYNAMIC_NO_PIC = NO;
				GCC_NO_COMMON_BLOCKS = YES;
				GCC_OPTIMIZATION_LEVEL = 0;
				GCC_PREPROCESSOR_DEFINITIONS = (
					"DEBUG=1",
					"$(inherited)",
				);
				GCC_WARN_64_TO_32_BIT_CONVERSION = YES;
				GCC_WARN_ABOUT_RETURN_TYPE = YES_ERROR;
				GCC_WARN_UNDECLARED_SELECTOR = YES;
				GCC_WARN_UNINITIALIZED_AUTOS = YES_AGGRESSIVE;
				GCC_WARN_UNUSED_FUNCTION = YES;
				GCC_WARN_UNUSED_VARIABLE = YES;
				IPHONEOS_DEPLOYMENT_TARGET = 17.4;
				LOCALIZATION_PREFERS_STRING_CATALOGS = YES;
				MTL_ENABLE_DEBUG_INFO = INCLUDE_SOURCE;
				MTL_FAST_MATH = YES;
				ONLY_ACTIVE_ARCH = YES;
				SDKROOT = iphoneos;
				SWIFT_ACTIVE_COMPILATION_CONDITIONS = "DEBUG $(inherited)";
				SWIFT_OPTIMIZATION_LEVEL = "-Onone";
			};
			name = Debug;
		};
		3ABA519D2BB0AEF30021619C /* Release */ = {
			isa = XCBuildConfiguration;
			buildSettings = {
				ALWAYS_SEARCH_USER_PATHS = NO;
				ASSETCATALOG_COMPILER_GENERATE_SWIFT_ASSET_SYMBOL_EXTENSIONS = YES;
				CLANG_ANALYZER_NONNULL = YES;
				CLANG_ANALYZER_NUMBER_OBJECT_CONVERSION = YES_AGGRESSIVE;
				CLANG_CXX_LANGUAGE_STANDARD = "gnu++20";
				CLANG_ENABLE_MODULES = YES;
				CLANG_ENABLE_OBJC_ARC = YES;
				CLANG_ENABLE_OBJC_WEAK = YES;
				CLANG_WARN_BLOCK_CAPTURE_AUTORELEASING = YES;
				CLANG_WARN_BOOL_CONVERSION = YES;
				CLANG_WARN_COMMA = YES;
				CLANG_WARN_CONSTANT_CONVERSION = YES;
				CLANG_WARN_DEPRECATED_OBJC_IMPLEMENTATIONS = YES;
				CLANG_WARN_DIRECT_OBJC_ISA_USAGE = YES_ERROR;
				CLANG_WARN_DOCUMENTATION_COMMENTS = YES;
				CLANG_WARN_EMPTY_BODY = YES;
				CLANG_WARN_ENUM_CONVERSION = YES;
				CLANG_WARN_INFINITE_RECURSION = YES;
				CLANG_WARN_INT_CONVERSION = YES;
				CLANG_WARN_NON_LITERAL_NULL_CONVERSION = YES;
				CLANG_WARN_OBJC_IMPLICIT_RETAIN_SELF = YES;
				CLANG_WARN_OBJC_LITERAL_CONVERSION = YES;
				CLANG_WARN_OBJC_ROOT_CLASS = YES_ERROR;
				CLANG_WARN_QUOTED_INCLUDE_IN_FRAMEWORK_HEADER = YES;
				CLANG_WARN_RANGE_LOOP_ANALYSIS = YES;
				CLANG_WARN_STRICT_PROTOTYPES = YES;
				CLANG_WARN_SUSPICIOUS_MOVE = YES;
				CLANG_WARN_UNGUARDED_AVAILABILITY = YES_AGGRESSIVE;
				CLANG_WARN_UNREACHABLE_CODE = YES;
				CLANG_WARN__DUPLICATE_METHOD_MATCH = YES;
				COPY_PHASE_STRIP = NO;
				DEBUG_INFORMATION_FORMAT = "dwarf-with-dsym";
				ENABLE_NS_ASSERTIONS = NO;
				ENABLE_STRICT_OBJC_MSGSEND = YES;
				ENABLE_USER_SCRIPT_SANDBOXING = YES;
				GCC_C_LANGUAGE_STANDARD = gnu17;
				GCC_NO_COMMON_BLOCKS = YES;
				GCC_WARN_64_TO_32_BIT_CONVERSION = YES;
				GCC_WARN_ABOUT_RETURN_TYPE = YES_ERROR;
				GCC_WARN_UNDECLARED_SELECTOR = YES;
				GCC_WARN_UNINITIALIZED_AUTOS = YES_AGGRESSIVE;
				GCC_WARN_UNUSED_FUNCTION = YES;
				GCC_WARN_UNUSED_VARIABLE = YES;
				IPHONEOS_DEPLOYMENT_TARGET = 17.4;
				LOCALIZATION_PREFERS_STRING_CATALOGS = YES;
				MTL_ENABLE_DEBUG_INFO = NO;
				MTL_FAST_MATH = YES;
				SDKROOT = iphoneos;
				SWIFT_COMPILATION_MODE = wholemodule;
				VALIDATE_PRODUCT = YES;
			};
			name = Release;
		};
		3ABA519F2BB0AEF30021619C /* Debug */ = {
			isa = XCBuildConfiguration;
			buildSettings = {
				ASSETCATALOG_COMPILER_APPICON_NAME = AppIcon;
				ASSETCATALOG_COMPILER_GLOBAL_ACCENT_COLOR_NAME = AccentColor;
				CODE_SIGN_STYLE = Automatic;
				CURRENT_PROJECT_VERSION = 1;
				DEVELOPMENT_TEAM = X5MZCV93J6;
				GENERATE_INFOPLIST_FILE = YES;
				INFOPLIST_FILE = CollectionViewHB/SupportingFiles/Info.plist;
				INFOPLIST_KEY_UIApplicationSupportsIndirectInputEvents = YES;
				INFOPLIST_KEY_UILaunchStoryboardName = LaunchScreen;
				INFOPLIST_KEY_UIMainStoryboardFile = Main;
				INFOPLIST_KEY_UISupportedInterfaceOrientations_iPad = "UIInterfaceOrientationPortrait UIInterfaceOrientationPortraitUpsideDown UIInterfaceOrientationLandscapeLeft UIInterfaceOrientationLandscapeRight";
				INFOPLIST_KEY_UISupportedInterfaceOrientations_iPhone = "UIInterfaceOrientationPortrait UIInterfaceOrientationLandscapeLeft UIInterfaceOrientationLandscapeRight";
				LD_RUNPATH_SEARCH_PATHS = (
					"$(inherited)",
					"@executable_path/Frameworks",
				);
				MARKETING_VERSION = 1.0;
				PRODUCT_BUNDLE_IDENTIFIER = BABYB.CollectionViewHB;
				PRODUCT_NAME = "$(TARGET_NAME)";
				SWIFT_EMIT_LOC_STRINGS = YES;
				SWIFT_VERSION = 5.0;
				TARGETED_DEVICE_FAMILY = "1,2";
			};
			name = Debug;
		};
		3ABA51A02BB0AEF30021619C /* Release */ = {
			isa = XCBuildConfiguration;
			buildSettings = {
				ASSETCATALOG_COMPILER_APPICON_NAME = AppIcon;
				ASSETCATALOG_COMPILER_GLOBAL_ACCENT_COLOR_NAME = AccentColor;
				CODE_SIGN_STYLE = Automatic;
				CURRENT_PROJECT_VERSION = 1;
				DEVELOPMENT_TEAM = X5MZCV93J6;
				GENERATE_INFOPLIST_FILE = YES;
				INFOPLIST_FILE = CollectionViewHB/SupportingFiles/Info.plist;
				INFOPLIST_KEY_UIApplicationSupportsIndirectInputEvents = YES;
				INFOPLIST_KEY_UILaunchStoryboardName = LaunchScreen;
				INFOPLIST_KEY_UIMainStoryboardFile = Main;
				INFOPLIST_KEY_UISupportedInterfaceOrientations_iPad = "UIInterfaceOrientationPortrait UIInterfaceOrientationPortraitUpsideDown UIInterfaceOrientationLandscapeLeft UIInterfaceOrientationLandscapeRight";
				INFOPLIST_KEY_UISupportedInterfaceOrientations_iPhone = "UIInterfaceOrientationPortrait UIInterfaceOrientationLandscapeLeft UIInterfaceOrientationLandscapeRight";
				LD_RUNPATH_SEARCH_PATHS = (
					"$(inherited)",
					"@executable_path/Frameworks",
				);
				MARKETING_VERSION = 1.0;
				PRODUCT_BUNDLE_IDENTIFIER = BABYB.CollectionViewHB;
				PRODUCT_NAME = "$(TARGET_NAME)";
				SWIFT_EMIT_LOC_STRINGS = YES;
				SWIFT_VERSION = 5.0;
				TARGETED_DEVICE_FAMILY = "1,2";
			};
			name = Release;
		};
/* End XCBuildConfiguration section */

/* Begin XCConfigurationList section */
		3ABA51852BB0AEF10021619C /* Build configuration list for PBXProject "CollectionViewHB" */ = {
			isa = XCConfigurationList;
			buildConfigurations = (
				3ABA519C2BB0AEF30021619C /* Debug */,
				3ABA519D2BB0AEF30021619C /* Release */,
			);
			defaultConfigurationIsVisible = 0;
			defaultConfigurationName = Release;
		};
		3ABA519E2BB0AEF30021619C /* Build configuration list for PBXNativeTarget "CollectionViewHB" */ = {
			isa = XCConfigurationList;
			buildConfigurations = (
				3ABA519F2BB0AEF30021619C /* Debug */,
				3ABA51A02BB0AEF30021619C /* Release */,
			);
			defaultConfigurationIsVisible = 0;
			defaultConfigurationName = Release;
		};
/* End XCConfigurationList section */
	};
	rootObject = 3ABA51822BB0AEF10021619C /* Project object */;
}
